<?xml version="1.0" encoding="utf-8"?>
<Project ToolsVersion="4.0" xmlns="http://schemas.microsoft.com/developer/msbuild/2003">
  <ItemGroup>
    <ClCompile Include="application.cpp" />
    <ClCompile Include="bitstream.cpp" />
    <ClCompile Include="component.cpp" />
    <ClCompile Include="connectionmanager.cpp" />
    <ClCompile Include="connectionmanager.h" />
    <ClCompile Include="d3d11device.cpp" />
    <ClCompile Include="d3d11renderapi.cpp" />
    <ClCompile Include="d3d11renderwindow.cpp" />
    <ClCompile Include="d3d11renderwindowmanager.cpp" />
    <ClCompile Include="debugrenderable.cpp" />
    <ClCompile Include="debugrenderer.cpp" />
    <ClCompile Include="entity.cpp" />
    <ClCompile Include="entitypool.cpp" />
    <ClCompile Include="gamerenderable.cpp" />
    <ClCompile Include="gamerenderer.cpp" />
    <ClCompile Include="ghostobject.cpp" />
    <ClCompile Include="imguimanager.cpp" />
    <ClCompile Include="imgui\imgui.cpp" />
    <ClCompile Include="imgui\imgui_demo.cpp" />
    <ClCompile Include="imgui\imgui_draw.cpp" />
    <ClCompile Include="imgui\imgui_widgets.cpp" />
    <ClCompile Include="main.cpp" />
    <ClCompile Include="crigidbody.cpp" />
    <ClCompile Include="scene.cpp" />
    <ClCompile Include="socketaddress.cpp" />
    <ClCompile Include="socketaddressfactory.cpp" />
    <ClCompile Include="socketutility.cpp" />
    <ClCompile Include="streammanager.cpp" />
    <ClCompile Include="tcpsocket.cpp" />
    <ClCompile Include="udpsocket.cpp" />
    <ClCompile Include="win32platform.cpp" />
    <ClCompile Include="win32window.cpp" />
    <ClCompile Include="d3d11renderapi.cpp" />
    <ClCompile Include="d3d11device.cpp" />
    <ClCompile Include="d3d11renderwindow.cpp" />
    <ClCompile Include="application.cpp" />
    <ClCompile Include="d3d11renderwindowmanager.cpp" />
    <ClCompile Include="d3d11hardwarebuffer.cpp" />
    <ClCompile Include="windowmanager.cpp" />
    <ClCompile Include="inputsystem.cpp" />
    <ClCompile Include="timer.cpp" />
    <ClCompile Include="time.cpp" />
    <ClCompile Include="d3d11resource.cpp" />
    <ClCompile Include="d3d11shader.cpp" />
    <ClCompile Include="d3d11texture.cpp" />
    <ClCompile Include="hyperenderer.cpp" />
    <ClCompile Include="matrix4.cpp" />
    <ClCompile Include="hypesimpleforwardrendernode.cpp" />
    <ClCompile Include="Shaders\cpp\ShaderCommon.cpp" />
    <ClCompile Include="hypesimplemesh.cpp" />
    <ClCompile Include="d3d11inputlayout.cpp" />
    <ClCompile Include="crenderable.cpp" />
  </ItemGroup>
  <ItemGroup>
    <ClInclude Include="application.h" />
    <ClInclude Include="bitstream.h" />
    <ClInclude Include="component.h" />
    <ClInclude Include="componentmanager.h" />
    <ClInclude Include="componenttype.h" />
    <ClInclude Include="d3d11defines.h" />
    <ClInclude Include="d3d11device.h" />
    <ClInclude Include="d3d11renderapi.h" />
    <ClInclude Include="d3d11renderwindow.h" />
    <ClInclude Include="d3d11renderwindowmanager.h" />
    <ClInclude Include="debugrenderable.h" />
    <ClInclude Include="debugrenderer.h" />
    <ClInclude Include="entity.h" />
    <ClInclude Include="entitypool.h" />
    <ClInclude Include="ghostobject.h" />
    <ClInclude Include="ghostobjectids.h" />
    <ClInclude Include="object.h" />
    <ClInclude Include="gamerenderable.h" />
    <ClInclude Include="gamerenderer.h" />
    <ClInclude Include="imguimanager.h" />
    <ClInclude Include="imgui\imconfig.h" />
    <ClInclude Include="imgui\imgui.h" />
    <ClInclude Include="imgui\imgui_internal.h" />
    <ClInclude Include="imgui\imstb_rectpack.h" />
    <ClInclude Include="imgui\imstb_textedit.h" />
    <ClInclude Include="imgui\imstb_truetype.h" />
    <ClInclude Include="istreammanager.h" />
    <ClInclude Include="crigidbody.h" />
    <ClInclude Include="rigidbodytype.h" />
    <ClInclude Include="scene.h" />
    <ClInclude Include="singleton.h" />
    <ClInclude Include="singletons.h" />
    <ClInclude Include="socketaddress.h" />
    <ClInclude Include="socketaddressfactory.h" />
    <ClInclude Include="sockets.h" />
    <ClInclude Include="socketutility.h" />
    <ClInclude Include="streammanager.h" />
    <ClInclude Include="streammanagerclient.h" />
    <ClInclude Include="streammanagerserver.h" />
    <ClInclude Include="tcpsocket.h" />
    <ClInclude Include="udpsocket.h" />
    <ClInclude Include="win32platform.h" />
    <ClInclude Include="d3d11renderapi.h" />
    <ClInclude Include="d3d11device.h" />
    <ClInclude Include="d3d11defines.h" />
    <ClInclude Include="d3d11renderwindow.h" />
    <ClInclude Include="application.h" />
    <ClInclude Include="d3d11renderwindowmanager.h" />
    <ClInclude Include="d3d11hardwarebuffer.h" />
    <ClInclude Include="win32window.h" />
    <ClInclude Include="windowmanager.h" />
    <ClInclude Include="win32input.h" />
    <ClInclude Include="inputsystem.h" />
    <ClInclude Include="timer.h" />
    <ClInclude Include="time.h" />
    <ClInclude Include="d3d11resource.h" />
    <ClInclude Include="d3d11shader.h" />
    <ClInclude Include="hyperenderer.h" />
    <ClInclude Include="d3d11texture.h" />
    <ClInclude Include="Shaders\cpp\ShaderCommon.h" />
    <ClInclude Include="vector3.h" />
    <ClInclude Include="matrix4.h" />
    <ClInclude Include="matrix3.h" />
    <ClInclude Include="quaternion.h" />
    <ClInclude Include="math.h" />
    <ClInclude Include="hypesimpleforwardrendernode.h" />
    <ClInclude Include="hyperendernode.h" />
    <ClInclude Include="d3d11staticresources.h" />
    <ClInclude Include="Shaders\cpp\SimpleForwardInputs.h" />
    <ClInclude Include="d3d11shader.hpp" />
    <ClInclude Include="hypesimplemesh.h" />
    <ClInclude Include="d3d11inputlayout.h" />
    <ClInclude Include="crenderable.h" />
    <ClInclude Include="hypegraphicobject.h" />
    <ClInclude Include="d3d11device.hpp" />
    <ClInclude Include="hypecamera.h" />
    <ClInclude Include="hypecamera.cpp" />
  </ItemGroup>
</Project>